# THIS IS AN AUTOGENERATED FILE. DO NOT EDIT THIS FILE DIRECTLY.
# yarn lockfile v1


"@types/tampermonkey@^4.0.0":
  version "4.0.0"
  resolved "https://registry.yarnpkg.com/@types/tampermonkey/-/tampermonkey-4.0.0.tgz#fd654ea1191f6ae7acd7e9ddc19c67ed062a1495"
  integrity sha512-StJoz2Cw5bM5Eqp/68O/X1rjI5aw7hGfbji6eXiY+ERN4o8lyfLvJKD91zXmdhUqK157QBjcCtzJUtU+qmAOFA==

typescript@^3.6.2:
  version "3.6.2"
  resolved "https://registry.yarnpkg.com/typescript/-/typescript-3.6.2.tgz#105b0f1934119dde543ac8eb71af3a91009efe54"
  integrity sha512-lmQ4L+J6mnu3xweP8+rOrUwzmN+MRAj7TgtJtDaXE5PMyX2kCrklhg3rvOsOIfNeAWMQWO2F1GPc1kMD2vLAfw==
